{
    "_readme": [
        "This file locks the dependencies of your project to a known state",
        "Read more about it at https://getcomposer.org/doc/01-basic-usage.md#composer-lock-the-lock-file",
        "This file is @generated automatically"
    ],
    "hash": "2d132519f60b638b2f78332355b9bcdf",
    "packages": [
        {
            "name": "voceconnect/post-selection-ui",
            "version": "1.1.1",
            "source": {
                "type": "git",
                "url": "https://github.com/voceconnect/post-selection-ui.git",
                "reference": "a645e1e86acd410cefbee01fc7fff4286659f19f"
            },
            "dist": {
                "type": "zip",
                "url": "https://api.github.com/repos/voceconnect/post-selection-ui/zipball/a645e1e86acd410cefbee01fc7fff4286659f19f",
                "reference": "a645e1e86acd410cefbee01fc7fff4286659f19f",
                "shasum": ""
            },
            "type": "library",
            "autoload": {
                "classmap": [
                    "src/Post_Selection_Box.php",
                    "src/Post_Selection_UI.php"
                ],
                "files": [
                    "post-selection-ui.php",
                    "src/functions.php"
                ]
            },
            "notification-url": "https://packagist.org/downloads/",
            "license": [
                "GPLv2+"
            ],
            "authors": [
                {
                    "name": "Gary Smirny",
                    "email": "gary@voceconnect.com"
                },
                {
                    "name": "Mat Gargano",
                    "email": "mat@voceconnect.com"
                },
                {
                    "name": "Michael Pretty",
                    "email": "mpretty@voceconnect.com"
                }
            ],
            "description": "A WordPress library to display a user interface to easily select posts from any post type",
            "time": "2015-07-22 18:38:14"
        }
    ],
    "packages-dev": [
        {
            "name": "squizlabs/php_codesniffer",
            "version": "1.5.6",
            "source": {
                "type": "git",
                "url": "https://github.com/squizlabs/PHP_CodeSniffer.git",
                "reference": "6f3e42d311b882b25b4d409d23a289f4d3b803d5"
            },
            "dist": {
                "type": "zip",
                "url": "https://api.github.com/repos/squizlabs/PHP_CodeSniffer/zipball/6f3e42d311b882b25b4d409d23a289f4d3b803d5",
                "reference": "6f3e42d311b882b25b4d409d23a289f4d3b803d5",
                "shasum": ""
            },
            "require": {
                "ext-tokenizer": "*",
                "php": ">=5.1.2"
            },
            "suggest": {
                "phpunit/php-timer": "dev-master"
            },
            "bin": [
                "scripts/phpcs"
            ],
            "type": "library",
            "extra": {
                "branch-alias": {
                    "dev-phpcs-fixer": "2.0.x-dev"
                }
            },
            "autoload": {
                "classmap": [
                    "CodeSniffer.php",
                    "CodeSniffer/CLI.php",
                    "CodeSniffer/Exception.php",
                    "CodeSniffer/File.php",
                    "CodeSniffer/Report.php",
                    "CodeSniffer/Reporting.php",
                    "CodeSniffer/Sniff.php",
                    "CodeSniffer/Tokens.php",
                    "CodeSniffer/Reports/",
                    "CodeSniffer/CommentParser/",
                    "CodeSniffer/Tokenizers/",
                    "CodeSniffer/DocGenerators/",
                    "CodeSniffer/Standards/AbstractPatternSniff.php",
                    "CodeSniffer/Standards/AbstractScopeSniff.php",
                    "CodeSniffer/Standards/AbstractVariableSniff.php",
                    "CodeSniffer/Standards/IncorrectPatternException.php",
                    "CodeSniffer/Standards/Generic/Sniffs/",
                    "CodeSniffer/Standards/MySource/Sniffs/",
                    "CodeSniffer/Standards/PEAR/Sniffs/",
                    "CodeSniffer/Standards/PSR1/Sniffs/",
                    "CodeSniffer/Standards/PSR2/Sniffs/",
                    "CodeSniffer/Standards/Squiz/Sniffs/",
                    "CodeSniffer/Standards/Zend/Sniffs/"
                ]
            },
            "notification-url": "https://packagist.org/downloads/",
            "license": [
                "BSD-3-Clause"
            ],
            "authors": [
                {
                    "name": "Greg Sherwood",
                    "role": "lead"
                }
            ],
            "description": "PHP_CodeSniffer tokenises PHP, JavaScript and CSS files and detects violations of a defined set of coding standards.",
            "homepage": "http://www.squizlabs.com/php-codesniffer",
            "keywords": [
                "phpcs",
                "standards"
            ],
            "time": "2014-12-04 22:32:15"
        },
        {
            "name": "voceconnect/wp-qa-suite",
            "version": "dev-wp-qa-scripts",
            "source": {
                "type": "git",
                "url": "git@github.com:voceconnect/wp-qa-suite.git",
                "reference": "f8e7a424a84563405787d46a226535dbbccffbf9"
            },
            "require": {
                "squizlabs/php_codesniffer": "~1.0"
            },
            "bin": [
                "bin/wp-qa-syntax",
                "bin/wp-qa-phpunit",
                "bin/wp-qa-codesniff"
            ],
            "type": "library",
            "authors": [
                {
                    "name": "Sean O'Shaughnessy",
                    "email": "seanosh@voceconnect.com"
                },
                {
                    "name": "Michael Pretty",
                    "email": "mpretty@voceconnect.com"
                }
            ],
            "description": "Install scripts and commands for basic quality checks and testing for WordPress projects",
            "time": "2014-09-24 13:34:50"
        }
    ],
    "aliases": [],
    "minimum-stability": "stable",
    "stability-flags": {
        "voceconnect/wp-qa-suite": 20
    },
    "prefer-stable": false,
    "prefer-lowest": false,
    "platform": [],
    "platform-dev": []
}
