{
    "_readme": [
        "This file locks the dependencies of your project to a known state",
        "Read more about it at http://getcomposer.org/doc/01-basic-usage.md#composer-lock-the-lock-file"
    ],
    "hash": "d2279faba9c64cfa7fdd94eab0dd2961",
    "packages": [
        {
            "name": "voceconnect/post-selection-ui",
            "version": "dev-master",
            "source": {
                "type": "git",
                "url": "git@github.com:voceconnect/post-selection-ui.git",
                "reference": "ea27e058bf5d77b94f411791c64166d70f6f5385"
            },
            "type": "library",
            "autoload": {
                "files": [
                    "post-selection-ui.php"
                ]
            },
            "license": [
                "GPLv2+"
            ],
            "authors": [
                {
                    "name": "Michael Pretty",
                    "email": "mpretty@voceconnect.com"
                }
            ],
            "description": "A WordPress library to display a user interface to easily select posts from any post type",
            "time": "2013-10-29 17:57:11"
        }
    ],
    "packages-dev": [

    ],
    "aliases": [

    ],
    "minimum-stability": "stable",
    "stability-flags": {
        "voceconnect/post-selection-ui": 20
    },
    "platform": [

    ],
    "platform-dev": [

    ]
}
